
Microsoft Visual Studio Solution File, Format Version 12.00
# Visual Studio 15
VisualStudioVersion = 15.0.26430.14
MinimumVisualStudioVersion = 10.0.40219.1
Project("{FAE04EC0-301F-11D3-BF4B-00C04F79EFBC}") = "AcerteATopeira", "AcerteATopeira\AcerteATopeira.csproj", "{235D3BD1-5821-485A-9E5B-69F9A87E7987}"
EndProject
Global
	GlobalSection(SolutionConfigurationPlatforms) = preSolution
		Debug|Any CPU = Debug|Any CPU
		Release|Any CPU = Release|Any CPU
	EndGlobalSection
	GlobalSection(ProjectConfigurationPlatforms) = postSolution
		{235D3BD1-5821-485A-9E5B-69F9A87E7987}.Debug|Any CPU.ActiveCfg = Debug|Any CPU
		{235D3BD1-5821-485A-9E5B-69F9A87E7987}.Debug|Any CPU.Build.0 = Debug|Any CPU
		{235D3BD1-5821-485A-9E5B-69F9A87E7987}.Release|Any CPU.ActiveCfg = Release|Any CPU
		{235D3BD1-5821-485A-9E5B-69F9A87E7987}.Release|Any CPU.Build.0 = Release|Any CPU
	EndGlobalSection
	GlobalSection(SolutionProperties) = preSolution
		HideSolutionNode = FALSE
	EndGlobalSection
EndGlobal
