
Microsoft Visual Studio Solution File, Format Version 12.00
# Visual Studio 2013
VisualStudioVersion = 12.0.21005.1
MinimumVisualStudioVersion = 10.0.40219.1
Project("{FAE04EC0-301F-11D3-BF4B-00C04F79EFBC}") = "PraticasComInterfaces", "PraticasComInterfaces\PraticasComInterfaces.csproj", "{5751B848-2D91-4599-8C98-F7AFBBDC65BB}"
EndProject
Global
	GlobalSection(SolutionConfigurationPlatforms) = preSolution
		Debug|Any CPU = Debug|Any CPU
		Release|Any CPU = Release|Any CPU
	EndGlobalSection
	GlobalSection(ProjectConfigurationPlatforms) = postSolution
		{5751B848-2D91-4599-8C98-F7AFBBDC65BB}.Debug|Any CPU.ActiveCfg = Debug|Any CPU
		{5751B848-2D91-4599-8C98-F7AFBBDC65BB}.Debug|Any CPU.Build.0 = Debug|Any CPU
		{5751B848-2D91-4599-8C98-F7AFBBDC65BB}.Release|Any CPU.ActiveCfg = Release|Any CPU
		{5751B848-2D91-4599-8C98-F7AFBBDC65BB}.Release|Any CPU.Build.0 = Release|Any CPU
	EndGlobalSection
	GlobalSection(SolutionProperties) = preSolution
		HideSolutionNode = FALSE
	EndGlobalSection
EndGlobal
